
Microsoft Visual Studio Solution File, Format Version 12.00
# Visual Studio 15
VisualStudioVersion = 15.0.28307.572
MinimumVisualStudioVersion = 10.0.40219.1
Project("{FAE04EC0-301F-11D3-BF4B-00C04F79EFBC}") = "WindowsFormsApp3", "WindowsFormsApp3\WindowsFormsApp3.csproj", "{2D0533CD-A869-4D40-A929-AE07DFBB7C7C}"
EndProject
Global
	GlobalSection(SolutionConfigurationPlatforms) = preSolution
		Debug|Any CPU = Debug|Any CPU
		Release|Any CPU = Release|Any CPU
	EndGlobalSection
	GlobalSection(ProjectConfigurationPlatforms) = postSolution
		{2D0533CD-A869-4D40-A929-AE07DFBB7C7C}.Debug|Any CPU.ActiveCfg = Debug|Any CPU
		{2D0533CD-A869-4D40-A929-AE07DFBB7C7C}.Debug|Any CPU.Build.0 = Debug|Any CPU
		{2D0533CD-A869-4D40-A929-AE07DFBB7C7C}.Release|Any CPU.ActiveCfg = Release|Any CPU
		{2D0533CD-A869-4D40-A929-AE07DFBB7C7C}.Release|Any CPU.Build.0 = Release|Any CPU
	EndGlobalSection
	GlobalSection(SolutionProperties) = preSolution
		HideSolutionNode = FALSE
	EndGlobalSection
	GlobalSection(ExtensibilityGlobals) = postSolution
		SolutionGuid = {E14F4841-025D-4465-BDFC-16431F8616DC}
	EndGlobalSection
EndGlobal
